{
  "version": 4,
  "terraform_version": "1.8.4",
  "serial": 41,
  "lineage": "feedf5e3-fe39-209e-738d-124c0cf247f7",
  "outputs": {},
  "resources": [
    {
      "mode": "managed",
      "type": "newrelic_one_dashboard",
      "name": "exampledash",
      "provider": "provider[\"registry.terraform.io/newrelic/newrelic\"]",
      "instances": [
        {
          "schema_version": 0,
          "attributes": {
            "account_id": 4438263,
            "description": null,
            "guid": "NDQzODI2M3xWSVp8REFTSEJPQVJEfGRhOjY0NTQxNzA",
            "id": "NDQzODI2M3xWSVp8REFTSEJPQVJEfGRhOjY0NTQxNzA",
            "name": "APM-New Relic Terraform-tvariable",
            "page": [
              {
                "description": "",
                "guid": "NDQzODI2M3xWSVp8REFTSEJPQVJEfDE5MDQ1Mjgz",
                "name": "APM-New Relic Terraform-tvariable",
                "widget_area": [],
                "widget_bar": [],
                "widget_billboard": [
                  {
                    "colors": [],
                    "column": 1,
                    "critical": "",
                    "facet_show_other_series": false,
                    "height": 3,
                    "id": "266800359",
                    "ignore_time_range": false,
                    "legend_enabled": true,
                    "nrql_query": [
                      {
                        "account_id": 4438263,
                        "query": "FROM Transaction SELECT average(duration) WHERE traceId IN ({{traceid}}) WHERE appName='apm-vs-relicstaurants'"
                      }
                    ],
                    "null_values": [],
                    "row": 1,
                    "title": "TraceId",
                    "units": [],
                    "warning": "",
                    "width": 6,
                    "y_axis_left_max": 0,
                    "y_axis_left_min": 0
                  },
                  {
                    "colors": [],
                    "column": 7,
                    "critical": "",
                    "facet_show_other_series": false,
                    "height": 3,
                    "id": "266800360",
                    "ignore_time_range": false,
                    "legend_enabled": true,
                    "nrql_query": [
                      {
                        "account_id": 4438263,
                        "query": "FROM Transaction SELECT average(duration) WHERE guid IN ({{guid}}) WHERE appName = 'apm-vs-relicstaurants'"
                      }
                    ],
                    "null_values": [],
                    "row": 1,
                    "title": "Guid-average duration",
                    "units": [],
                    "warning": "",
                    "width": 6,
                    "y_axis_left_max": 0,
                    "y_axis_left_min": 0
                  },
                  {
                    "colors": [],
                    "column": 1,
                    "critical": "",
                    "facet_show_other_series": false,
                    "height": 3,
                    "id": "266800361",
                    "ignore_time_range": false,
                    "legend_enabled": true,
                    "nrql_query": [
                      {
                        "account_id": 4438263,
                        "query": "FROM Transaction SELECT count(*) WHERE http.statusCode = '201' IN ({{statuscode}}) AND appName = 'apm-vs-relicstaurants'"
                      }
                    ],
                    "null_values": [],
                    "row": 4,
                    "title": "statuscode",
                    "units": [],
                    "warning": "",
                    "width": 6,
                    "y_axis_left_max": 0,
                    "y_axis_left_min": 0
                  }
                ],
                "widget_bullet": [],
                "widget_funnel": [],
                "widget_heatmap": [],
                "widget_histogram": [],
                "widget_json": [],
                "widget_line": [],
                "widget_log_table": [],
                "widget_markdown": [],
                "widget_pie": [],
                "widget_stacked_bar": [],
                "widget_table": []
              }
            ],
            "permalink": "https://one.newrelic.com/redirect/entity/NDQzODI2M3xWSVp8REFTSEJPQVJEfGRhOjY0NTQxNzA",
            "permissions": "public_read_only",
            "variable": [
              {
                "default_values": [
                  "10640a149757f6da2e69ba596abddb36:"
                ],
                "is_multi_selection": true,
                "item": [],
                "name": "traceid",
                "nrql_query": [
                  {
                    "account_ids": [
                      4438263
                    ],
                    "query": "FROM Transaction SELECT uniques(traceId)"
                  }
                ],
                "options": [],
                "replacement_strategy": "string",
                "title": "traceid",
                "type": "nrql"
              },
              {
                "default_values": [
                  "0fc2b2976d206c89:"
                ],
                "is_multi_selection": true,
                "item": [],
                "name": "guid",
                "nrql_query": [
                  {
                    "account_ids": [
                      4438263
                    ],
                    "query": "FROM Transaction SELECT uniques(guid)"
                  }
                ],
                "options": [],
                "replacement_strategy": "string",
                "title": "guid",
                "type": "nrql"
              },
              {
                "default_values": [
                  "0:"
                ],
                "is_multi_selection": true,
                "item": [],
                "name": "statuscode",
                "nrql_query": [
                  {
                    "account_ids": [
                      4438263
                    ],
                    "query": "FROM Transaction SELECT uniques(http.statusCode)"
                  }
                ],
                "options": [],
                "replacement_strategy": "string",
                "title": "statuscode",
                "type": "nrql"
              }
            ]
          },
          "sensitive_attributes": [],
          "private": "bnVsbA=="
        }
      ]
    }
  ],
  "check_results": null
}
